
Microsoft Visual Studio Solution File, Format Version 12.00
# Visual Studio Version 17
VisualStudioVersion = 17.0.32112.339
MinimumVisualStudioVersion = 10.0.40219.1
Project("{FAE04EC0-301F-11D3-BF4B-00C04F79EFBC}") = "XamDB.UWP", "XamDB\XamDB.UWP\XamDB.UWP.csproj", "{32302E20-0807-4BF4-B942-4472C5ACF1BE}"
EndProject
Project("{FAE04EC0-301F-11D3-BF4B-00C04F79EFBC}") = "XamDB.Android", "XamDB\XamDB.Android\XamDB.Android.csproj", "{299AE675-81D8-4C56-B707-BE82B0785A7E}"
EndProject
Project("{FAE04EC0-301F-11D3-BF4B-00C04F79EFBC}") = "XamDB.iOS", "XamDB\XamDB.iOS\XamDB.iOS.csproj", "{0BD28C78-2F5E-4F4C-94B0-742B516DD4B4}"
EndProject
Project("{FAE04EC0-301F-11D3-BF4B-00C04F79EFBC}") = "XamDB", "XamDB\XamDB\XamDB.csproj", "{41D8A2C6-3ED2-4E29-9F9F-77B875D46E96}"
EndProject
Global
	GlobalSection(SolutionConfigurationPlatforms) = preSolution
		Debug|Any CPU = Debug|Any CPU
		Debug|ARM = Debug|ARM
		Debug|iPhone = Debug|iPhone
		Debug|iPhoneSimulator = Debug|iPhoneSimulator
		Debug|x64 = Debug|x64
		Debug|x86 = Debug|x86
		Release|Any CPU = Release|Any CPU
		Release|ARM = Release|ARM
		Release|iPhone = Release|iPhone
		Release|iPhoneSimulator = Release|iPhoneSimulator
		Release|x64 = Release|x64
		Release|x86 = Release|x86
	EndGlobalSection
	GlobalSection(ProjectConfigurationPlatforms) = postSolution
		{32302E20-0807-4BF4-B942-4472C5ACF1BE}.Debug|Any CPU.ActiveCfg = Debug|x64
		{32302E20-0807-4BF4-B942-4472C5ACF1BE}.Debug|Any CPU.Build.0 = Debug|x64
		{32302E20-0807-4BF4-B942-4472C5ACF1BE}.Debug|Any CPU.Deploy.0 = Debug|x64
		{32302E20-0807-4BF4-B942-4472C5ACF1BE}.Debug|ARM.ActiveCfg = Debug|ARM
		{32302E20-0807-4BF4-B942-4472C5ACF1BE}.Debug|ARM.Build.0 = Debug|ARM
		{32302E20-0807-4BF4-B942-4472C5ACF1BE}.Debug|ARM.Deploy.0 = Debug|ARM
		{32302E20-0807-4BF4-B942-4472C5ACF1BE}.Debug|iPhone.ActiveCfg = Debug|x64
		{32302E20-0807-4BF4-B942-4472C5ACF1BE}.Debug|iPhone.Build.0 = Debug|x64
		{32302E20-0807-4BF4-B942-4472C5ACF1BE}.Debug|iPhone.Deploy.0 = Debug|x64
		{32302E20-0807-4BF4-B942-4472C5ACF1BE}.Debug|iPhoneSimulator.ActiveCfg = Debug|x64
		{32302E20-0807-4BF4-B942-4472C5ACF1BE}.Debug|iPhoneSimulator.Build.0 = Debug|x64
		{32302E20-0807-4BF4-B942-4472C5ACF1BE}.Debug|iPhoneSimulator.Deploy.0 = Debug|x64
		{32302E20-0807-4BF4-B942-4472C5ACF1BE}.Debug|x64.ActiveCfg = Debug|x64
		{32302E20-0807-4BF4-B942-4472C5ACF1BE}.Debug|x64.Build.0 = Debug|x64
		{32302E20-0807-4BF4-B942-4472C5ACF1BE}.Debug|x64.Deploy.0 = Debug|x64
		{32302E20-0807-4BF4-B942-4472C5ACF1BE}.Debug|x86.ActiveCfg = Debug|x86
		{32302E20-0807-4BF4-B942-4472C5ACF1BE}.Debug|x86.Build.0 = Debug|x86
		{32302E20-0807-4BF4-B942-4472C5ACF1BE}.Debug|x86.Deploy.0 = Debug|x86
		{32302E20-0807-4BF4-B942-4472C5ACF1BE}.Release|Any CPU.ActiveCfg = Release|x64
		{32302E20-0807-4BF4-B942-4472C5ACF1BE}.Release|Any CPU.Build.0 = Release|x64
		{32302E20-0807-4BF4-B942-4472C5ACF1BE}.Release|Any CPU.Deploy.0 = Release|x64
		{32302E20-0807-4BF4-B942-4472C5ACF1BE}.Release|ARM.ActiveCfg = Release|ARM
		{32302E20-0807-4BF4-B942-4472C5ACF1BE}.Release|ARM.Build.0 = Release|ARM
		{32302E20-0807-4BF4-B942-4472C5ACF1BE}.Release|ARM.Deploy.0 = Release|ARM
		{32302E20-0807-4BF4-B942-4472C5ACF1BE}.Release|iPhone.ActiveCfg = Release|x64
		{32302E20-0807-4BF4-B942-4472C5ACF1BE}.Release|iPhone.Build.0 = Release|x64
		{32302E20-0807-4BF4-B942-4472C5ACF1BE}.Release|iPhone.Deploy.0 = Release|x64
		{32302E20-0807-4BF4-B942-4472C5ACF1BE}.Release|iPhoneSimulator.ActiveCfg = Release|x64
		{32302E20-0807-4BF4-B942-4472C5ACF1BE}.Release|iPhoneSimulator.Build.0 = Release|x64
		{32302E20-0807-4BF4-B942-4472C5ACF1BE}.Release|iPhoneSimulator.Deploy.0 = Release|x64
		{32302E20-0807-4BF4-B942-4472C5ACF1BE}.Release|x64.ActiveCfg = Release|x64
		{32302E20-0807-4BF4-B942-4472C5ACF1BE}.Release|x64.Build.0 = Release|x64
		{32302E20-0807-4BF4-B942-4472C5ACF1BE}.Release|x64.Deploy.0 = Release|x64
		{32302E20-0807-4BF4-B942-4472C5ACF1BE}.Release|x86.ActiveCfg = Release|x86
		{32302E20-0807-4BF4-B942-4472C5ACF1BE}.Release|x86.Build.0 = Release|x86
		{32302E20-0807-4BF4-B942-4472C5ACF1BE}.Release|x86.Deploy.0 = Release|x86
		{299AE675-81D8-4C56-B707-BE82B0785A7E}.Debug|Any CPU.ActiveCfg = Debug|Any CPU
		{299AE675-81D8-4C56-B707-BE82B0785A7E}.Debug|Any CPU.Build.0 = Debug|Any CPU
		{299AE675-81D8-4C56-B707-BE82B0785A7E}.Debug|Any CPU.Deploy.0 = Debug|Any CPU
		{299AE675-81D8-4C56-B707-BE82B0785A7E}.Debug|ARM.ActiveCfg = Debug|Any CPU
		{299AE675-81D8-4C56-B707-BE82B0785A7E}.Debug|ARM.Build.0 = Debug|Any CPU
		{299AE675-81D8-4C56-B707-BE82B0785A7E}.Debug|ARM.Deploy.0 = Debug|Any CPU
		{299AE675-81D8-4C56-B707-BE82B0785A7E}.Debug|iPhone.ActiveCfg = Debug|Any CPU
		{299AE675-81D8-4C56-B707-BE82B0785A7E}.Debug|iPhone.Build.0 = Debug|Any CPU
		{299AE675-81D8-4C56-B707-BE82B0785A7E}.Debug|iPhone.Deploy.0 = Debug|Any CPU
		{299AE675-81D8-4C56-B707-BE82B0785A7E}.Debug|iPhoneSimulator.ActiveCfg = Debug|Any CPU
		{299AE675-81D8-4C56-B707-BE82B0785A7E}.Debug|iPhoneSimulator.Build.0 = Debug|Any CPU
		{299AE675-81D8-4C56-B707-BE82B0785A7E}.Debug|iPhoneSimulator.Deploy.0 = Debug|Any CPU
		{299AE675-81D8-4C56-B707-BE82B0785A7E}.Debug|x64.ActiveCfg = Debug|Any CPU
		{299AE675-81D8-4C56-B707-BE82B0785A7E}.Debug|x64.Build.0 = Debug|Any CPU
		{299AE675-81D8-4C56-B707-BE82B0785A7E}.Debug|x64.Deploy.0 = Debug|Any CPU
		{299AE675-81D8-4C56-B707-BE82B0785A7E}.Debug|x86.ActiveCfg = Debug|Any CPU
		{299AE675-81D8-4C56-B707-BE82B0785A7E}.Debug|x86.Build.0 = Debug|Any CPU
		{299AE675-81D8-4C56-B707-BE82B0785A7E}.Debug|x86.Deploy.0 = Debug|Any CPU
		{299AE675-81D8-4C56-B707-BE82B0785A7E}.Release|Any CPU.ActiveCfg = Release|Any CPU
		{299AE675-81D8-4C56-B707-BE82B0785A7E}.Release|Any CPU.Build.0 = Release|Any CPU
		{299AE675-81D8-4C56-B707-BE82B0785A7E}.Release|Any CPU.Deploy.0 = Release|Any CPU
		{299AE675-81D8-4C56-B707-BE82B0785A7E}.Release|ARM.ActiveCfg = Release|Any CPU
		{299AE675-81D8-4C56-B707-BE82B0785A7E}.Release|ARM.Build.0 = Release|Any CPU
		{299AE675-81D8-4C56-B707-BE82B0785A7E}.Release|ARM.Deploy.0 = Release|Any CPU
		{299AE675-81D8-4C56-B707-BE82B0785A7E}.Release|iPhone.ActiveCfg = Release|Any CPU
		{299AE675-81D8-4C56-B707-BE82B0785A7E}.Release|iPhone.Build.0 = Release|Any CPU
		{299AE675-81D8-4C56-B707-BE82B0785A7E}.Release|iPhone.Deploy.0 = Release|Any CPU
		{299AE675-81D8-4C56-B707-BE82B0785A7E}.Release|iPhoneSimulator.ActiveCfg = Release|Any CPU
		{299AE675-81D8-4C56-B707-BE82B0785A7E}.Release|iPhoneSimulator.Build.0 = Release|Any CPU
		{299AE675-81D8-4C56-B707-BE82B0785A7E}.Release|iPhoneSimulator.Deploy.0 = Release|Any CPU
		{299AE675-81D8-4C56-B707-BE82B0785A7E}.Release|x64.ActiveCfg = Release|Any CPU
		{299AE675-81D8-4C56-B707-BE82B0785A7E}.Release|x64.Build.0 = Release|Any CPU
		{299AE675-81D8-4C56-B707-BE82B0785A7E}.Release|x64.Deploy.0 = Release|Any CPU
		{299AE675-81D8-4C56-B707-BE82B0785A7E}.Release|x86.ActiveCfg = Release|Any CPU
		{299AE675-81D8-4C56-B707-BE82B0785A7E}.Release|x86.Build.0 = Release|Any CPU
		{299AE675-81D8-4C56-B707-BE82B0785A7E}.Release|x86.Deploy.0 = Release|Any CPU
		{0BD28C78-2F5E-4F4C-94B0-742B516DD4B4}.Debug|Any CPU.ActiveCfg = Debug|iPhoneSimulator
		{0BD28C78-2F5E-4F4C-94B0-742B516DD4B4}.Debug|Any CPU.Build.0 = Debug|iPhoneSimulator
		{0BD28C78-2F5E-4F4C-94B0-742B516DD4B4}.Debug|Any CPU.Deploy.0 = Debug|iPhoneSimulator
		{0BD28C78-2F5E-4F4C-94B0-742B516DD4B4}.Debug|ARM.ActiveCfg = Debug|iPhoneSimulator
		{0BD28C78-2F5E-4F4C-94B0-742B516DD4B4}.Debug|ARM.Build.0 = Debug|iPhoneSimulator
		{0BD28C78-2F5E-4F4C-94B0-742B516DD4B4}.Debug|ARM.Deploy.0 = Debug|iPhoneSimulator
		{0BD28C78-2F5E-4F4C-94B0-742B516DD4B4}.Debug|iPhone.ActiveCfg = Debug|iPhone
		{0BD28C78-2F5E-4F4C-94B0-742B516DD4B4}.Debug|iPhone.Build.0 = Debug|iPhone
		{0BD28C78-2F5E-4F4C-94B0-742B516DD4B4}.Debug|iPhone.Deploy.0 = Debug|iPhone
		{0BD28C78-2F5E-4F4C-94B0-742B516DD4B4}.Debug|iPhoneSimulator.ActiveCfg = Debug|iPhoneSimulator
		{0BD28C78-2F5E-4F4C-94B0-742B516DD4B4}.Debug|iPhoneSimulator.Build.0 = Debug|iPhoneSimulator
		{0BD28C78-2F5E-4F4C-94B0-742B516DD4B4}.Debug|iPhoneSimulator.Deploy.0 = Debug|iPhoneSimulator
		{0BD28C78-2F5E-4F4C-94B0-742B516DD4B4}.Debug|x64.ActiveCfg = Debug|iPhone
		{0BD28C78-2F5E-4F4C-94B0-742B516DD4B4}.Debug|x64.Build.0 = Debug|iPhone
		{0BD28C78-2F5E-4F4C-94B0-742B516DD4B4}.Debug|x64.Deploy.0 = Debug|iPhone
		{0BD28C78-2F5E-4F4C-94B0-742B516DD4B4}.Debug|x86.ActiveCfg = Debug|iPhoneSimulator
		{0BD28C78-2F5E-4F4C-94B0-742B516DD4B4}.Debug|x86.Build.0 = Debug|iPhoneSimulator
		{0BD28C78-2F5E-4F4C-94B0-742B516DD4B4}.Debug|x86.Deploy.0 = Debug|iPhoneSimulator
		{0BD28C78-2F5E-4F4C-94B0-742B516DD4B4}.Release|Any CPU.ActiveCfg = Release|iPhoneSimulator
		{0BD28C78-2F5E-4F4C-94B0-742B516DD4B4}.Release|Any CPU.Build.0 = Release|iPhoneSimulator
		{0BD28C78-2F5E-4F4C-94B0-742B516DD4B4}.Release|Any CPU.Deploy.0 = Release|iPhoneSimulator
		{0BD28C78-2F5E-4F4C-94B0-742B516DD4B4}.Release|ARM.ActiveCfg = Release|iPhoneSimulator
		{0BD28C78-2F5E-4F4C-94B0-742B516DD4B4}.Release|ARM.Build.0 = Release|iPhoneSimulator
		{0BD28C78-2F5E-4F4C-94B0-742B516DD4B4}.Release|ARM.Deploy.0 = Release|iPhoneSimulator
		{0BD28C78-2F5E-4F4C-94B0-742B516DD4B4}.Release|iPhone.ActiveCfg = Release|iPhone
		{0BD28C78-2F5E-4F4C-94B0-742B516DD4B4}.Release|iPhone.Build.0 = Release|iPhone
		{0BD28C78-2F5E-4F4C-94B0-742B516DD4B4}.Release|iPhone.Deploy.0 = Release|iPhone
		{0BD28C78-2F5E-4F4C-94B0-742B516DD4B4}.Release|iPhoneSimulator.ActiveCfg = Release|iPhoneSimulator
		{0BD28C78-2F5E-4F4C-94B0-742B516DD4B4}.Release|iPhoneSimulator.Build.0 = Release|iPhoneSimulator
		{0BD28C78-2F5E-4F4C-94B0-742B516DD4B4}.Release|iPhoneSimulator.Deploy.0 = Release|iPhoneSimulator
		{0BD28C78-2F5E-4F4C-94B0-742B516DD4B4}.Release|x64.ActiveCfg = Release|iPhoneSimulator
		{0BD28C78-2F5E-4F4C-94B0-742B516DD4B4}.Release|x64.Build.0 = Release|iPhoneSimulator
		{0BD28C78-2F5E-4F4C-94B0-742B516DD4B4}.Release|x64.Deploy.0 = Release|iPhoneSimulator
		{0BD28C78-2F5E-4F4C-94B0-742B516DD4B4}.Release|x86.ActiveCfg = Release|iPhoneSimulator
		{0BD28C78-2F5E-4F4C-94B0-742B516DD4B4}.Release|x86.Build.0 = Release|iPhoneSimulator
		{0BD28C78-2F5E-4F4C-94B0-742B516DD4B4}.Release|x86.Deploy.0 = Release|iPhoneSimulator
		{41D8A2C6-3ED2-4E29-9F9F-77B875D46E96}.Debug|Any CPU.ActiveCfg = Debug|Any CPU
		{41D8A2C6-3ED2-4E29-9F9F-77B875D46E96}.Debug|Any CPU.Build.0 = Debug|Any CPU
		{41D8A2C6-3ED2-4E29-9F9F-77B875D46E96}.Debug|Any CPU.Deploy.0 = Debug|Any CPU
		{41D8A2C6-3ED2-4E29-9F9F-77B875D46E96}.Debug|ARM.ActiveCfg = Debug|Any CPU
		{41D8A2C6-3ED2-4E29-9F9F-77B875D46E96}.Debug|ARM.Build.0 = Debug|Any CPU
		{41D8A2C6-3ED2-4E29-9F9F-77B875D46E96}.Debug|ARM.Deploy.0 = Debug|Any CPU
		{41D8A2C6-3ED2-4E29-9F9F-77B875D46E96}.Debug|iPhone.ActiveCfg = Debug|Any CPU
		{41D8A2C6-3ED2-4E29-9F9F-77B875D46E96}.Debug|iPhone.Build.0 = Debug|Any CPU
		{41D8A2C6-3ED2-4E29-9F9F-77B875D46E96}.Debug|iPhone.Deploy.0 = Debug|Any CPU
		{41D8A2C6-3ED2-4E29-9F9F-77B875D46E96}.Debug|iPhoneSimulator.ActiveCfg = Debug|Any CPU
		{41D8A2C6-3ED2-4E29-9F9F-77B875D46E96}.Debug|iPhoneSimulator.Build.0 = Debug|Any CPU
		{41D8A2C6-3ED2-4E29-9F9F-77B875D46E96}.Debug|iPhoneSimulator.Deploy.0 = Debug|Any CPU
		{41D8A2C6-3ED2-4E29-9F9F-77B875D46E96}.Debug|x64.ActiveCfg = Debug|Any CPU
		{41D8A2C6-3ED2-4E29-9F9F-77B875D46E96}.Debug|x64.Build.0 = Debug|Any CPU
		{41D8A2C6-3ED2-4E29-9F9F-77B875D46E96}.Debug|x64.Deploy.0 = Debug|Any CPU
		{41D8A2C6-3ED2-4E29-9F9F-77B875D46E96}.Debug|x86.ActiveCfg = Debug|Any CPU
		{41D8A2C6-3ED2-4E29-9F9F-77B875D46E96}.Debug|x86.Build.0 = Debug|Any CPU
		{41D8A2C6-3ED2-4E29-9F9F-77B875D46E96}.Debug|x86.Deploy.0 = Debug|Any CPU
		{41D8A2C6-3ED2-4E29-9F9F-77B875D46E96}.Release|Any CPU.ActiveCfg = Release|Any CPU
		{41D8A2C6-3ED2-4E29-9F9F-77B875D46E96}.Release|Any CPU.Build.0 = Release|Any CPU
		{41D8A2C6-3ED2-4E29-9F9F-77B875D46E96}.Release|Any CPU.Deploy.0 = Release|Any CPU
		{41D8A2C6-3ED2-4E29-9F9F-77B875D46E96}.Release|ARM.ActiveCfg = Release|Any CPU
		{41D8A2C6-3ED2-4E29-9F9F-77B875D46E96}.Release|ARM.Build.0 = Release|Any CPU
		{41D8A2C6-3ED2-4E29-9F9F-77B875D46E96}.Release|ARM.Deploy.0 = Release|Any CPU
		{41D8A2C6-3ED2-4E29-9F9F-77B875D46E96}.Release|iPhone.ActiveCfg = Release|Any CPU
		{41D8A2C6-3ED2-4E29-9F9F-77B875D46E96}.Release|iPhone.Build.0 = Release|Any CPU
		{41D8A2C6-3ED2-4E29-9F9F-77B875D46E96}.Release|iPhone.Deploy.0 = Release|Any CPU
		{41D8A2C6-3ED2-4E29-9F9F-77B875D46E96}.Release|iPhoneSimulator.ActiveCfg = Release|Any CPU
		{41D8A2C6-3ED2-4E29-9F9F-77B875D46E96}.Release|iPhoneSimulator.Build.0 = Release|Any CPU
		{41D8A2C6-3ED2-4E29-9F9F-77B875D46E96}.Release|iPhoneSimulator.Deploy.0 = Release|Any CPU
		{41D8A2C6-3ED2-4E29-9F9F-77B875D46E96}.Release|x64.ActiveCfg = Release|Any CPU
		{41D8A2C6-3ED2-4E29-9F9F-77B875D46E96}.Release|x64.Build.0 = Release|Any CPU
		{41D8A2C6-3ED2-4E29-9F9F-77B875D46E96}.Release|x64.Deploy.0 = Release|Any CPU
		{41D8A2C6-3ED2-4E29-9F9F-77B875D46E96}.Release|x86.ActiveCfg = Release|Any CPU
		{41D8A2C6-3ED2-4E29-9F9F-77B875D46E96}.Release|x86.Build.0 = Release|Any CPU
		{41D8A2C6-3ED2-4E29-9F9F-77B875D46E96}.Release|x86.Deploy.0 = Release|Any CPU
	EndGlobalSection
	GlobalSection(SolutionProperties) = preSolution
		HideSolutionNode = FALSE
	EndGlobalSection
	GlobalSection(ExtensibilityGlobals) = postSolution
		SolutionGuid = {931F71B5-4330-4E4D-8BC7-5839520BC011}
	EndGlobalSection
EndGlobal
